
Microsoft Visual Studio Solution File, Format Version 12.00
# Visual Studio Version 17
VisualStudioVersion = 17.2.32526.322
MinimumVisualStudioVersion = 10.0.40219.1
Project("{FAE04EC0-301F-11D3-BF4B-00C04F79EFBC}") = "AreaCalcultor", "AreaCalcultor\AreaCalcultor.csproj", "{85A91453-B134-480E-89A2-67C822EEA558}"
EndProject
Project("{FAE04EC0-301F-11D3-BF4B-00C04F79EFBC}") = "AreaCalculatorTest", "AreaCalculatorTest\AreaCalculatorTest.csproj", "{B2F2FB02-02D3-4113-B3B4-9E9B33FA23FB}"
EndProject
Project("{FAE04EC0-301F-11D3-BF4B-00C04F79EFBC}") = "Marin_AreaCalculator", "AreaCalculator\Marin_AreaCalculator.csproj", "{9FF7A812-CA64-452B-8ECF-C83C947D1295}"
EndProject
Global
	GlobalSection(SolutionConfigurationPlatforms) = preSolution
		Debug|Any CPU = Debug|Any CPU
		Release|Any CPU = Release|Any CPU
	EndGlobalSection
	GlobalSection(ProjectConfigurationPlatforms) = postSolution
		{85A91453-B134-480E-89A2-67C822EEA558}.Debug|Any CPU.ActiveCfg = Debug|Any CPU
		{85A91453-B134-480E-89A2-67C822EEA558}.Debug|Any CPU.Build.0 = Debug|Any CPU
		{85A91453-B134-480E-89A2-67C822EEA558}.Release|Any CPU.ActiveCfg = Release|Any CPU
		{85A91453-B134-480E-89A2-67C822EEA558}.Release|Any CPU.Build.0 = Release|Any CPU
		{B2F2FB02-02D3-4113-B3B4-9E9B33FA23FB}.Debug|Any CPU.ActiveCfg = Debug|Any CPU
		{B2F2FB02-02D3-4113-B3B4-9E9B33FA23FB}.Debug|Any CPU.Build.0 = Debug|Any CPU
		{B2F2FB02-02D3-4113-B3B4-9E9B33FA23FB}.Release|Any CPU.ActiveCfg = Release|Any CPU
		{B2F2FB02-02D3-4113-B3B4-9E9B33FA23FB}.Release|Any CPU.Build.0 = Release|Any CPU
		{9FF7A812-CA64-452B-8ECF-C83C947D1295}.Debug|Any CPU.ActiveCfg = Debug|Any CPU
		{9FF7A812-CA64-452B-8ECF-C83C947D1295}.Debug|Any CPU.Build.0 = Debug|Any CPU
		{9FF7A812-CA64-452B-8ECF-C83C947D1295}.Release|Any CPU.ActiveCfg = Release|Any CPU
		{9FF7A812-CA64-452B-8ECF-C83C947D1295}.Release|Any CPU.Build.0 = Release|Any CPU
	EndGlobalSection
	GlobalSection(SolutionProperties) = preSolution
		HideSolutionNode = FALSE
	EndGlobalSection
	GlobalSection(ExtensibilityGlobals) = postSolution
		SolutionGuid = {271BCAC5-7E0A-490B-8541-076FFA4689E7}
	EndGlobalSection
EndGlobal
